
Microsoft Visual Studio Solution File, Format Version 12.00
# Visual Studio Version 17
VisualStudioVersion = 17.6.33801.468
MinimumVisualStudioVersion = 10.0.40219.1
Project("{8BC9CEB8-8B4A-11D0-8D11-00A0C91BC942}") = "Voidgate", "Voidgate\Voidgate.vcxproj", "{C06BB3F0-CBDC-4384-84CF-21B7FE6DFE01}"
EndProject
Global
	GlobalSection(SolutionConfigurationPlatforms) = preSolution
		Debug|x64 = Debug|x64
		Debug|x86 = Debug|x86
		Release|x64 = Release|x64
		Release|x86 = Release|x86
	EndGlobalSection
	GlobalSection(ProjectConfigurationPlatforms) = postSolution
		{C06BB3F0-CBDC-4384-84CF-21B7FE6DFE01}.Debug|x64.ActiveCfg = Debug|x64
		{C06BB3F0-CBDC-4384-84CF-21B7FE6DFE01}.Debug|x64.Build.0 = Debug|x64
		{C06BB3F0-CBDC-4384-84CF-21B7FE6DFE01}.Debug|x86.ActiveCfg = Debug|Win32
		{C06BB3F0-CBDC-4384-84CF-21B7FE6DFE01}.Debug|x86.Build.0 = Debug|Win32
		{C06BB3F0-CBDC-4384-84CF-21B7FE6DFE01}.Release|x64.ActiveCfg = Release|x64
		{C06BB3F0-CBDC-4384-84CF-21B7FE6DFE01}.Release|x64.Build.0 = Release|x64
		{C06BB3F0-CBDC-4384-84CF-21B7FE6DFE01}.Release|x86.ActiveCfg = Release|Win32
		{C06BB3F0-CBDC-4384-84CF-21B7FE6DFE01}.Release|x86.Build.0 = Release|Win32
	EndGlobalSection
	GlobalSection(SolutionProperties) = preSolution
		HideSolutionNode = FALSE
	EndGlobalSection
	GlobalSection(ExtensibilityGlobals) = postSolution
		SolutionGuid = {D3A25A49-D706-4A18-BFBF-50A5DC43A06E}
	EndGlobalSection
EndGlobal
